// !$*UTF8*$!
{
	archiveVersion = 1;
	classes = {
	};
	objectVersion = 55;
	objects = {

/* Begin PBXBuildFile section */
		DB12A568272ABF2A003CEBF6 /* social_mediaApp.swift in Sources */ = {isa = PBXBuildFile; fileRef = DB12A567272ABF2A003CEBF6 /* social_mediaApp.swift */; };
		DB12A56A272ABF2A003CEBF6 /* ContentView.swift in Sources */ = {isa = PBXBuildFile; fileRef = DB12A569272ABF2A003CEBF6 /* ContentView.swift */; };
		DB12A56C272ABF2A003CEBF6 /* Assets.xcassets in Resources */ = {isa = PBXBuildFile; fileRef = DB12A56B272ABF2A003CEBF6 /* Assets.xcassets */; };
		DB12A56F272ABF2A003CEBF6 /* Preview Assets.xcassets in Resources */ = {isa = PBXBuildFile; fileRef = DB12A56E272ABF2A003CEBF6 /* Preview Assets.xcassets */; };
		DB12A579272ABF2A003CEBF6 /* social_mediaTests.swift in Sources */ = {isa = PBXBuildFile; fileRef = DB12A578272ABF2A003CEBF6 /* social_mediaTests.swift */; };
		DB12A583272ABF2A003CEBF6 /* social_mediaUITests.swift in Sources */ = {isa = PBXBuildFile; fileRef = DB12A582272ABF2A003CEBF6 /* social_mediaUITests.swift */; };
		DB12A585272ABF2A003CEBF6 /* social_mediaUITestsLaunchTests.swift in Sources */ = {isa = PBXBuildFile; fileRef = DB12A584272ABF2A003CEBF6 /* social_mediaUITestsLaunchTests.swift */; };
		DB12A592272AC784003CEBF6 /* LaunchScreen.storyboard in Resources */ = {isa = PBXBuildFile; fileRef = DB12A591272AC784003CEBF6 /* LaunchScreen.storyboard */; };
		DB12A598272ADD92003CEBF6 /* FeedView.swift in Sources */ = {isa = PBXBuildFile; fileRef = DB12A597272ADD92003CEBF6 /* FeedView.swift */; };
		DB12A59A272ADE17003CEBF6 /* PostView.swift in Sources */ = {isa = PBXBuildFile; fileRef = DB12A599272ADE17003CEBF6 /* PostView.swift */; };
		DB12A59D272AE1F5003CEBF6 /* PostModel.swift in Sources */ = {isa = PBXBuildFile; fileRef = DB12A59C272AE1F5003CEBF6 /* PostModel.swift */; };
		DB12A59F272AE4A3003CEBF6 /* PostModelArray.swift in Sources */ = {isa = PBXBuildFile; fileRef = DB12A59E272AE4A3003CEBF6 /* PostModelArray.swift */; };
		DB12A5A1272AE71C003CEBF6 /* CommentsView.swift in Sources */ = {isa = PBXBuildFile; fileRef = DB12A5A0272AE71C003CEBF6 /* CommentsView.swift */; };
		DB22A510272D18FA002DB6D3 /* OnboardingView2.swift in Sources */ = {isa = PBXBuildFile; fileRef = DB22A50F272D18FA002DB6D3 /* OnboardingView2.swift */; };
		DB22A512272D2101002DB6D3 /* LikeAnimationView.swift in Sources */ = {isa = PBXBuildFile; fileRef = DB22A511272D2101002DB6D3 /* LikeAnimationView.swift */; };
		DB22C170272CF51C00E74EE2 /* SettingsRowView.swift in Sources */ = {isa = PBXBuildFile; fileRef = DB22C16F272CF51C00E74EE2 /* SettingsRowView.swift */; };
		DB22C172272CFA2D00E74EE2 /* SettingsEditTextView.swift in Sources */ = {isa = PBXBuildFile; fileRef = DB22C171272CFA2D00E74EE2 /* SettingsEditTextView.swift */; };
		DB22C174272D01E100E74EE2 /* SettingsEditImageView.swift in Sources */ = {isa = PBXBuildFile; fileRef = DB22C173272D01E100E74EE2 /* SettingsEditImageView.swift */; };
		DB22C176272D09AF00E74EE2 /* SignUpView.swift in Sources */ = {isa = PBXBuildFile; fileRef = DB22C175272D09AF00E74EE2 /* SignUpView.swift */; };
		DB3AC050272F78F400610392 /* ImageManager.swift in Sources */ = {isa = PBXBuildFile; fileRef = DB3AC04F272F78F400610392 /* ImageManager.swift */; };
		DB46B146272D694E005E4DC2 /* GoogleService-Info.plist in Resources */ = {isa = PBXBuildFile; fileRef = DB46B145272D694E005E4DC2 /* GoogleService-Info.plist */; };
		DB904BE9272E83180012B278 /* FirebaseAnalytics in Frameworks */ = {isa = PBXBuildFile; productRef = DB904BE8272E83180012B278 /* FirebaseAnalytics */; };
		DB904BEB272E83180012B278 /* FirebaseAuth in Frameworks */ = {isa = PBXBuildFile; productRef = DB904BEA272E83180012B278 /* FirebaseAuth */; };
		DB904BED272E83180012B278 /* FirebaseDatabase in Frameworks */ = {isa = PBXBuildFile; productRef = DB904BEC272E83180012B278 /* FirebaseDatabase */; };
		DB904BEF272E83180012B278 /* FirebaseDatabaseSwift-Beta in Frameworks */ = {isa = PBXBuildFile; productRef = DB904BEE272E83180012B278 /* FirebaseDatabaseSwift-Beta */; };
		DB904BF1272E83180012B278 /* FirebaseFirestore in Frameworks */ = {isa = PBXBuildFile; productRef = DB904BF0272E83180012B278 /* FirebaseFirestore */; };
		DB904BF3272E83180012B278 /* FirebaseFirestoreSwift-Beta in Frameworks */ = {isa = PBXBuildFile; productRef = DB904BF2272E83180012B278 /* FirebaseFirestoreSwift-Beta */; };
		DB904BF5272E83180012B278 /* FirebaseStorage in Frameworks */ = {isa = PBXBuildFile; productRef = DB904BF4272E83180012B278 /* FirebaseStorage */; };
		DB91115F272F09240095D5EA /* AuthService.swift in Sources */ = {isa = PBXBuildFile; fileRef = DB91115E272F09230095D5EA /* AuthService.swift */; };
		DB911161272F13EB0095D5EA /* Enums & Structs.swift in Sources */ = {isa = PBXBuildFile; fileRef = DB911160272F13EB0095D5EA /* Enums & Structs.swift */; };
		DB911B61272CDE3000D87D35 /* ProfileView.swift in Sources */ = {isa = PBXBuildFile; fileRef = DB911B60272CDE3000D87D35 /* ProfileView.swift */; };
		DB911B63272CDF7F00D87D35 /* ProfileHeaderView.swift in Sources */ = {isa = PBXBuildFile; fileRef = DB911B62272CDF7F00D87D35 /* ProfileHeaderView.swift */; };
		DB911B65272CEF6000D87D35 /* SettingsView.swift in Sources */ = {isa = PBXBuildFile; fileRef = DB911B64272CEF6000D87D35 /* SettingsView.swift */; };
		DB911B67272CF28F00D87D35 /* SettingsLabelView.swift in Sources */ = {isa = PBXBuildFile; fileRef = DB911B66272CF28F00D87D35 /* SettingsLabelView.swift */; };
		DB9875C0272B92700041AD4B /* BrowseView.swift in Sources */ = {isa = PBXBuildFile; fileRef = DB9875BF272B92700041AD4B /* BrowseView.swift */; };
		DB9875C2272B93130041AD4B /* CarouselView.swift in Sources */ = {isa = PBXBuildFile; fileRef = DB9875C1272B93130041AD4B /* CarouselView.swift */; };
		DB9875C4272B9C140041AD4B /* ImageGridView.swift in Sources */ = {isa = PBXBuildFile; fileRef = DB9875C3272B9C140041AD4B /* ImageGridView.swift */; };
		DB9B5285272BDC6300C7E936 /* ImagePicker.swift in Sources */ = {isa = PBXBuildFile; fileRef = DB9B5284272BDC6300C7E936 /* ImagePicker.swift */; };
		DBA857A3272EF48200830DDA /* GoogleSignInUIView.swift in Sources */ = {isa = PBXBuildFile; fileRef = DBA857A2272EF48200830DDA /* GoogleSignInUIView.swift */; };
		DBB6D1C5272C0CA800605221 /* PostImageView.swift in Sources */ = {isa = PBXBuildFile; fileRef = DBB6D1C4272C0CA800605221 /* PostImageView.swift */; };
		DBC2C9D0272E9DBD00142AFF /* GoogleSignIn in Frameworks */ = {isa = PBXBuildFile; productRef = DBC2C9CF272E9DBD00142AFF /* GoogleSignIn */; };
		DBC37056272AEA0300E86729 /* MessageView.swift in Sources */ = {isa = PBXBuildFile; fileRef = DBC37055272AEA0300E86729 /* MessageView.swift */; };
		DBC37058272AEB2700E86729 /* CommentModel.swift in Sources */ = {isa = PBXBuildFile; fileRef = DBC37057272AEB2700E86729 /* CommentModel.swift */; };
		DBCC58BB2730C85D004D595B /* DataService.swift in Sources */ = {isa = PBXBuildFile; fileRef = DBCC58BA2730C85D004D595B /* DataService.swift */; };
		DBCC58BD27315CD7004D595B /* SignInWithApple.swift in Sources */ = {isa = PBXBuildFile; fileRef = DBCC58BC27315CD7004D595B /* SignInWithApple.swift */; };
		DBCC58C02731675C004D595B /* LazyView.swift in Sources */ = {isa = PBXBuildFile; fileRef = DBCC58BF2731675C004D595B /* LazyView.swift */; };
		DBCF50B1272BA1F200ABB0CA /* UploadScreen.swift in Sources */ = {isa = PBXBuildFile; fileRef = DBCF50B0272BA1F200ABB0CA /* UploadScreen.swift */; };
		DBD73226272D86AC00A45CD7 /* SignInWithGoogle.swift in Sources */ = {isa = PBXBuildFile; fileRef = DBD73225272D86AC00A45CD7 /* SignInWithGoogle.swift */; };
		DBE7EF31272D14E800990A55 /* OnboardingView.swift in Sources */ = {isa = PBXBuildFile; fileRef = DBE7EF30272D14E800990A55 /* OnboardingView.swift */; };
		DBE7EF33272D169700990A55 /* SigninWithAppleCustomButton.swift in Sources */ = {isa = PBXBuildFile; fileRef = DBE7EF32272D169700990A55 /* SigninWithAppleCustomButton.swift */; };
/* End PBXBuildFile section */

/* Begin PBXContainerItemProxy section */
		DB12A575272ABF2A003CEBF6 /* PBXContainerItemProxy */ = {
			isa = PBXContainerItemProxy;
			containerPortal = DB12A55C272ABF2A003CEBF6 /* Project object */;
			proxyType = 1;
			remoteGlobalIDString = DB12A563272ABF2A003CEBF6;
			remoteInfo = "social media";
		};
		DB12A57F272ABF2A003CEBF6 /* PBXContainerItemProxy */ = {
			isa = PBXContainerItemProxy;
			containerPortal = DB12A55C272ABF2A003CEBF6 /* Project object */;
			proxyType = 1;
			remoteGlobalIDString = DB12A563272ABF2A003CEBF6;
			remoteInfo = "social media";
		};
/* End PBXContainerItemProxy section */

/* Begin PBXFileReference section */
		DB12A564272ABF2A003CEBF6 /* social media.app */ = {isa = PBXFileReference; explicitFileType = wrapper.application; includeInIndex = 0; path = "social media.app"; sourceTree = BUILT_PRODUCTS_DIR; };
		DB12A567272ABF2A003CEBF6 /* social_mediaApp.swift */ = {isa = PBXFileReference; lastKnownFileType = sourcecode.swift; path = social_mediaApp.swift; sourceTree = "<group>"; };
		DB12A569272ABF2A003CEBF6 /* ContentView.swift */ = {isa = PBXFileReference; lastKnownFileType = sourcecode.swift; path = ContentView.swift; sourceTree = "<group>"; };
		DB12A56B272ABF2A003CEBF6 /* Assets.xcassets */ = {isa = PBXFileReference; lastKnownFileType = folder.assetcatalog; path = Assets.xcassets; sourceTree = "<group>"; };
		DB12A56E272ABF2A003CEBF6 /* Preview Assets.xcassets */ = {isa = PBXFileReference; lastKnownFileType = folder.assetcatalog; path = "Preview Assets.xcassets"; sourceTree = "<group>"; };
		DB12A574272ABF2A003CEBF6 /* social mediaTests.xctest */ = {isa = PBXFileReference; explicitFileType = wrapper.cfbundle; includeInIndex = 0; path = "social mediaTests.xctest"; sourceTree = BUILT_PRODUCTS_DIR; };
		DB12A578272ABF2A003CEBF6 /* social_mediaTests.swift */ = {isa = PBXFileReference; lastKnownFileType = sourcecode.swift; path = social_mediaTests.swift; sourceTree = "<group>"; };
		DB12A57E272ABF2A003CEBF6 /* social mediaUITests.xctest */ = {isa = PBXFileReference; explicitFileType = wrapper.cfbundle; includeInIndex = 0; path = "social mediaUITests.xctest"; sourceTree = BUILT_PRODUCTS_DIR; };
		DB12A582272ABF2A003CEBF6 /* social_mediaUITests.swift */ = {isa = PBXFileReference; lastKnownFileType = sourcecode.swift; path = social_mediaUITests.swift; sourceTree = "<group>"; };
		DB12A584272ABF2A003CEBF6 /* social_mediaUITestsLaunchTests.swift */ = {isa = PBXFileReference; lastKnownFileType = sourcecode.swift; path = social_mediaUITestsLaunchTests.swift; sourceTree = "<group>"; };
		DB12A591272AC784003CEBF6 /* LaunchScreen.storyboard */ = {isa = PBXFileReference; lastKnownFileType = file.storyboard; path = LaunchScreen.storyboard; sourceTree = "<group>"; };
		DB12A597272ADD92003CEBF6 /* FeedView.swift */ = {isa = PBXFileReference; lastKnownFileType = sourcecode.swift; path = FeedView.swift; sourceTree = "<group>"; };
		DB12A599272ADE17003CEBF6 /* PostView.swift */ = {isa = PBXFileReference; lastKnownFileType = sourcecode.swift; path = PostView.swift; sourceTree = "<group>"; };
		DB12A59C272AE1F5003CEBF6 /* PostModel.swift */ = {isa = PBXFileReference; lastKnownFileType = sourcecode.swift; path = PostModel.swift; sourceTree = "<group>"; };
		DB12A59E272AE4A3003CEBF6 /* PostModelArray.swift */ = {isa = PBXFileReference; lastKnownFileType = sourcecode.swift; path = PostModelArray.swift; sourceTree = "<group>"; };
		DB12A5A0272AE71C003CEBF6 /* CommentsView.swift */ = {isa = PBXFileReference; lastKnownFileType = sourcecode.swift; path = CommentsView.swift; sourceTree = "<group>"; };
		DB22A50F272D18FA002DB6D3 /* OnboardingView2.swift */ = {isa = PBXFileReference; lastKnownFileType = sourcecode.swift; path = OnboardingView2.swift; sourceTree = "<group>"; };
		DB22A511272D2101002DB6D3 /* LikeAnimationView.swift */ = {isa = PBXFileReference; fileEncoding = 4; lastKnownFileType = sourcecode.swift; path = LikeAnimationView.swift; sourceTree = "<group>"; };
		DB22C16F272CF51C00E74EE2 /* SettingsRowView.swift */ = {isa = PBXFileReference; lastKnownFileType = sourcecode.swift; path = SettingsRowView.swift; sourceTree = "<group>"; };
		DB22C171272CFA2D00E74EE2 /* SettingsEditTextView.swift */ = {isa = PBXFileReference; lastKnownFileType = sourcecode.swift; path = SettingsEditTextView.swift; sourceTree = "<group>"; };
		DB22C173272D01E100E74EE2 /* SettingsEditImageView.swift */ = {isa = PBXFileReference; lastKnownFileType = sourcecode.swift; path = SettingsEditImageView.swift; sourceTree = "<group>"; };
		DB22C175272D09AF00E74EE2 /* SignUpView.swift */ = {isa = PBXFileReference; lastKnownFileType = sourcecode.swift; path = SignUpView.swift; sourceTree = "<group>"; };
		DB3AC04F272F78F400610392 /* ImageManager.swift */ = {isa = PBXFileReference; lastKnownFileType = sourcecode.swift; path = ImageManager.swift; sourceTree = "<group>"; };
		DB46B145272D694E005E4DC2 /* GoogleService-Info.plist */ = {isa = PBXFileReference; fileEncoding = 4; lastKnownFileType = text.plist.xml; path = "GoogleService-Info.plist"; sourceTree = "<group>"; };
		DB91115E272F09230095D5EA /* AuthService.swift */ = {isa = PBXFileReference; lastKnownFileType = sourcecode.swift; path = AuthService.swift; sourceTree = "<group>"; };
		DB911160272F13EB0095D5EA /* Enums & Structs.swift */ = {isa = PBXFileReference; lastKnownFileType = sourcecode.swift; path = "Enums & Structs.swift"; sourceTree = "<group>"; };
		DB911B60272CDE3000D87D35 /* ProfileView.swift */ = {isa = PBXFileReference; lastKnownFileType = sourcecode.swift; path = ProfileView.swift; sourceTree = "<group>"; };
		DB911B62272CDF7F00D87D35 /* ProfileHeaderView.swift */ = {isa = PBXFileReference; lastKnownFileType = sourcecode.swift; path = ProfileHeaderView.swift; sourceTree = "<group>"; };
		DB911B64272CEF6000D87D35 /* SettingsView.swift */ = {isa = PBXFileReference; lastKnownFileType = sourcecode.swift; path = SettingsView.swift; sourceTree = "<group>"; };
		DB911B66272CF28F00D87D35 /* SettingsLabelView.swift */ = {isa = PBXFileReference; lastKnownFileType = sourcecode.swift; path = SettingsLabelView.swift; sourceTree = "<group>"; };
		DB9875BF272B92700041AD4B /* BrowseView.swift */ = {isa = PBXFileReference; lastKnownFileType = sourcecode.swift; path = BrowseView.swift; sourceTree = "<group>"; };
		DB9875C1272B93130041AD4B /* CarouselView.swift */ = {isa = PBXFileReference; lastKnownFileType = sourcecode.swift; path = CarouselView.swift; sourceTree = "<group>"; };
		DB9875C3272B9C140041AD4B /* ImageGridView.swift */ = {isa = PBXFileReference; lastKnownFileType = sourcecode.swift; path = ImageGridView.swift; sourceTree = "<group>"; };
		DB9B5284272BDC6300C7E936 /* ImagePicker.swift */ = {isa = PBXFileReference; lastKnownFileType = sourcecode.swift; path = ImagePicker.swift; sourceTree = "<group>"; };
		DBA857A2272EF48200830DDA /* GoogleSignInUIView.swift */ = {isa = PBXFileReference; lastKnownFileType = sourcecode.swift; path = GoogleSignInUIView.swift; sourceTree = "<group>"; };
		DBB6D1C4272C0CA800605221 /* PostImageView.swift */ = {isa = PBXFileReference; lastKnownFileType = sourcecode.swift; path = PostImageView.swift; sourceTree = "<group>"; };
		DBC37055272AEA0300E86729 /* MessageView.swift */ = {isa = PBXFileReference; lastKnownFileType = sourcecode.swift; path = MessageView.swift; sourceTree = "<group>"; };
		DBC37057272AEB2700E86729 /* CommentModel.swift */ = {isa = PBXFileReference; lastKnownFileType = sourcecode.swift; path = CommentModel.swift; sourceTree = "<group>"; };
		DBCC58BA2730C85D004D595B /* DataService.swift */ = {isa = PBXFileReference; lastKnownFileType = sourcecode.swift; path = DataService.swift; sourceTree = "<group>"; };
		DBCC58BC27315CD7004D595B /* SignInWithApple.swift */ = {isa = PBXFileReference; lastKnownFileType = sourcecode.swift; path = SignInWithApple.swift; sourceTree = "<group>"; };
		DBCC58BF2731675C004D595B /* LazyView.swift */ = {isa = PBXFileReference; lastKnownFileType = sourcecode.swift; path = LazyView.swift; sourceTree = "<group>"; };
		DBCF50B0272BA1F200ABB0CA /* UploadScreen.swift */ = {isa = PBXFileReference; lastKnownFileType = sourcecode.swift; path = UploadScreen.swift; sourceTree = "<group>"; };
		DBD73223272D700600A45CD7 /* social-media-Info.plist */ = {isa = PBXFileReference; lastKnownFileType = text.plist; path = "social-media-Info.plist"; sourceTree = SOURCE_ROOT; };
		DBD73225272D86AC00A45CD7 /* SignInWithGoogle.swift */ = {isa = PBXFileReference; lastKnownFileType = sourcecode.swift; path = SignInWithGoogle.swift; sourceTree = "<group>"; };
		DBE7EF30272D14E800990A55 /* OnboardingView.swift */ = {isa = PBXFileReference; lastKnownFileType = sourcecode.swift; path = OnboardingView.swift; sourceTree = "<group>"; };
		DBE7EF32272D169700990A55 /* SigninWithAppleCustomButton.swift */ = {isa = PBXFileReference; lastKnownFileType = sourcecode.swift; path = SigninWithAppleCustomButton.swift; sourceTree = "<group>"; };
/* End PBXFileReference section */

/* Begin PBXFrameworksBuildPhase section */
		DB12A561272ABF2A003CEBF6 /* Frameworks */ = {
			isa = PBXFrameworksBuildPhase;
			buildActionMask = 2147483647;
			files = (
				DB904BED272E83180012B278 /* FirebaseDatabase in Frameworks */,
				DBC2C9D0272E9DBD00142AFF /* GoogleSignIn in Frameworks */,
				DB904BE9272E83180012B278 /* FirebaseAnalytics in Frameworks */,
				DB904BEF272E83180012B278 /* FirebaseDatabaseSwift-Beta in Frameworks */,
				DB904BF3272E83180012B278 /* FirebaseFirestoreSwift-Beta in Frameworks */,
				DB904BF5272E83180012B278 /* FirebaseStorage in Frameworks */,
				DB904BF1272E83180012B278 /* FirebaseFirestore in Frameworks */,
				DB904BEB272E83180012B278 /* FirebaseAuth in Frameworks */,
			);
			runOnlyForDeploymentPostprocessing = 0;
		};
		DB12A571272ABF2A003CEBF6 /* Frameworks */ = {
			isa = PBXFrameworksBuildPhase;
			buildActionMask = 2147483647;
			files = (
			);
			runOnlyForDeploymentPostprocessing = 0;
		};
		DB12A57B272ABF2A003CEBF6 /* Frameworks */ = {
			isa = PBXFrameworksBuildPhase;
			buildActionMask = 2147483647;
			files = (
			);
			runOnlyForDeploymentPostprocessing = 0;
		};
/* End PBXFrameworksBuildPhase section */

/* Begin PBXGroup section */
		DB12A55B272ABF2A003CEBF6 = {
			isa = PBXGroup;
			children = (
				DB12A566272ABF2A003CEBF6 /* social media */,
				DB12A577272ABF2A003CEBF6 /* social mediaTests */,
				DB12A581272ABF2A003CEBF6 /* social mediaUITests */,
				DB12A565272ABF2A003CEBF6 /* Products */,
			);
			sourceTree = "<group>";
		};
		DB12A565272ABF2A003CEBF6 /* Products */ = {
			isa = PBXGroup;
			children = (
				DB12A564272ABF2A003CEBF6 /* social media.app */,
				DB12A574272ABF2A003CEBF6 /* social mediaTests.xctest */,
				DB12A57E272ABF2A003CEBF6 /* social mediaUITests.xctest */,
			);
			name = Products;
			sourceTree = "<group>";
		};
		DB12A566272ABF2A003CEBF6 /* social media */ = {
			isa = PBXGroup;
			children = (
				DBD73224272D869D00A45CD7 /* Servies */,
				DBD73223272D700600A45CD7 /* social-media-Info.plist */,
				DB12A59B272AE1E8003CEBF6 /* Model */,
				DB12A596272ACB1A003CEBF6 /* Helper */,
				DB12A593272AC8BA003CEBF6 /* Views */,
				DB12A591272AC784003CEBF6 /* LaunchScreen.storyboard */,
				DB46B145272D694E005E4DC2 /* GoogleService-Info.plist */,
				DB12A56B272ABF2A003CEBF6 /* Assets.xcassets */,
				DB12A56D272ABF2A003CEBF6 /* Preview Content */,
			);
			path = "social media";
			sourceTree = "<group>";
		};
		DB12A56D272ABF2A003CEBF6 /* Preview Content */ = {
			isa = PBXGroup;
			children = (
				DB12A56E272ABF2A003CEBF6 /* Preview Assets.xcassets */,
			);
			path = "Preview Content";
			sourceTree = "<group>";
		};
		DB12A577272ABF2A003CEBF6 /* social mediaTests */ = {
			isa = PBXGroup;
			children = (
				DB12A578272ABF2A003CEBF6 /* social_mediaTests.swift */,
			);
			path = "social mediaTests";
			sourceTree = "<group>";
		};
		DB12A581272ABF2A003CEBF6 /* social mediaUITests */ = {
			isa = PBXGroup;
			children = (
				DB12A582272ABF2A003CEBF6 /* social_mediaUITests.swift */,
				DB12A584272ABF2A003CEBF6 /* social_mediaUITestsLaunchTests.swift */,
			);
			path = "social mediaUITests";
			sourceTree = "<group>";
		};
		DB12A593272AC8BA003CEBF6 /* Views */ = {
			isa = PBXGroup;
			children = (
				DB12A595272AC8D8003CEBF6 /* Screens */,
				DB12A594272AC8CF003CEBF6 /* SubViews */,
			);
			path = Views;
			sourceTree = "<group>";
		};
		DB12A594272AC8CF003CEBF6 /* SubViews */ = {
			isa = PBXGroup;
			children = (
				DB12A599272ADE17003CEBF6 /* PostView.swift */,
				DBC37055272AEA0300E86729 /* MessageView.swift */,
				DB9875C1272B93130041AD4B /* CarouselView.swift */,
				DB9B5284272BDC6300C7E936 /* ImagePicker.swift */,
				DB911B62272CDF7F00D87D35 /* ProfileHeaderView.swift */,
				DB22A511272D2101002DB6D3 /* LikeAnimationView.swift */,
				DB911B66272CF28F00D87D35 /* SettingsLabelView.swift */,
				DB22C16F272CF51C00E74EE2 /* SettingsRowView.swift */,
				DBE7EF32272D169700990A55 /* SigninWithAppleCustomButton.swift */,
			);
			path = SubViews;
			sourceTree = "<group>";
		};
		DB12A595272AC8D8003CEBF6 /* Screens */ = {
			isa = PBXGroup;
			children = (
				DB12A567272ABF2A003CEBF6 /* social_mediaApp.swift */,
				DB12A569272ABF2A003CEBF6 /* ContentView.swift */,
				DB12A597272ADD92003CEBF6 /* FeedView.swift */,
				DB12A5A0272AE71C003CEBF6 /* CommentsView.swift */,
				DB9875BF272B92700041AD4B /* BrowseView.swift */,
				DB9875C3272B9C140041AD4B /* ImageGridView.swift */,
				DBCF50B0272BA1F200ABB0CA /* UploadScreen.swift */,
				DBB6D1C4272C0CA800605221 /* PostImageView.swift */,
				DB911B60272CDE3000D87D35 /* ProfileView.swift */,
				DB911B64272CEF6000D87D35 /* SettingsView.swift */,
				DB22C171272CFA2D00E74EE2 /* SettingsEditTextView.swift */,
				DB22C173272D01E100E74EE2 /* SettingsEditImageView.swift */,
				DB22C175272D09AF00E74EE2 /* SignUpView.swift */,
				DBE7EF30272D14E800990A55 /* OnboardingView.swift */,
				DB22A50F272D18FA002DB6D3 /* OnboardingView2.swift */,
				DBA857A2272EF48200830DDA /* GoogleSignInUIView.swift */,
			);
			path = Screens;
			sourceTree = "<group>";
		};
		DB12A596272ACB1A003CEBF6 /* Helper */ = {
			isa = PBXGroup;
			children = (
				DB911160272F13EB0095D5EA /* Enums & Structs.swift */,
				DBCC58BF2731675C004D595B /* LazyView.swift */,
			);
			path = Helper;
			sourceTree = "<group>";
		};
		DB12A59B272AE1E8003CEBF6 /* Model */ = {
			isa = PBXGroup;
			children = (
				DB12A59C272AE1F5003CEBF6 /* PostModel.swift */,
				DB12A59E272AE4A3003CEBF6 /* PostModelArray.swift */,
				DBC37057272AEB2700E86729 /* CommentModel.swift */,
			);
			path = Model;
			sourceTree = "<group>";
		};
		DB3AC04E272F78E500610392 /* Utilities */ = {
			isa = PBXGroup;
			children = (
				DB3AC04F272F78F400610392 /* ImageManager.swift */,
			);
			path = Utilities;
			sourceTree = "<group>";
		};
		DB91115D272F09160095D5EA /* Firebase */ = {
			isa = PBXGroup;
			children = (
				DB91115E272F09230095D5EA /* AuthService.swift */,
				DBCC58BA2730C85D004D595B /* DataService.swift */,
			);
			path = Firebase;
			sourceTree = "<group>";
		};
		DBCC58BE27315CE0004D595B /* Auth Providers */ = {
			isa = PBXGroup;
			children = (
				DBD73225272D86AC00A45CD7 /* SignInWithGoogle.swift */,
				DBCC58BC27315CD7004D595B /* SignInWithApple.swift */,
			);
			path = "Auth Providers";
			sourceTree = "<group>";
		};
		DBD73224272D869D00A45CD7 /* Servies */ = {
			isa = PBXGroup;
			children = (
				DB3AC04E272F78E500610392 /* Utilities */,
				DB91115D272F09160095D5EA /* Firebase */,
				DBCC58BE27315CE0004D595B /* Auth Providers */,
			);
			path = Servies;
			sourceTree = "<group>";
		};
/* End PBXGroup section */

/* Begin PBXNativeTarget section */
		DB12A563272ABF2A003CEBF6 /* social media */ = {
			isa = PBXNativeTarget;
			buildConfigurationList = DB12A588272ABF2A003CEBF6 /* Build configuration list for PBXNativeTarget "social media" */;
			buildPhases = (
				DB12A560272ABF2A003CEBF6 /* Sources */,
				DB12A561272ABF2A003CEBF6 /* Frameworks */,
				DB12A562272ABF2A003CEBF6 /* Resources */,
			);
			buildRules = (
			);
			dependencies = (
			);
			name = "social media";
			packageProductDependencies = (
				DB904BE8272E83180012B278 /* FirebaseAnalytics */,
				DB904BEA272E83180012B278 /* FirebaseAuth */,
				DB904BEC272E83180012B278 /* FirebaseDatabase */,
				DB904BEE272E83180012B278 /* FirebaseDatabaseSwift-Beta */,
				DB904BF0272E83180012B278 /* FirebaseFirestore */,
				DB904BF2272E83180012B278 /* FirebaseFirestoreSwift-Beta */,
				DB904BF4272E83180012B278 /* FirebaseStorage */,
				DBC2C9CF272E9DBD00142AFF /* GoogleSignIn */,
			);
			productName = "social media";
			productReference = DB12A564272ABF2A003CEBF6 /* social media.app */;
			productType = "com.apple.product-type.application";
		};
		DB12A573272ABF2A003CEBF6 /* social mediaTests */ = {
			isa = PBXNativeTarget;
			buildConfigurationList = DB12A58B272ABF2A003CEBF6 /* Build configuration list for PBXNativeTarget "social mediaTests" */;
			buildPhases = (
				DB12A570272ABF2A003CEBF6 /* Sources */,
				DB12A571272ABF2A003CEBF6 /* Frameworks */,
				DB12A572272ABF2A003CEBF6 /* Resources */,
			);
			buildRules = (
			);
			dependencies = (
				DB12A576272ABF2A003CEBF6 /* PBXTargetDependency */,
			);
			name = "social mediaTests";
			productName = "social mediaTests";
			productReference = DB12A574272ABF2A003CEBF6 /* social mediaTests.xctest */;
			productType = "com.apple.product-type.bundle.unit-test";
		};
		DB12A57D272ABF2A003CEBF6 /* social mediaUITests */ = {
			isa = PBXNativeTarget;
			buildConfigurationList = DB12A58E272ABF2A003CEBF6 /* Build configuration list for PBXNativeTarget "social mediaUITests" */;
			buildPhases = (
				DB12A57A272ABF2A003CEBF6 /* Sources */,
				DB12A57B272ABF2A003CEBF6 /* Frameworks */,
				DB12A57C272ABF2A003CEBF6 /* Resources */,
			);
			buildRules = (
			);
			dependencies = (
				DB12A580272ABF2A003CEBF6 /* PBXTargetDependency */,
			);
			name = "social mediaUITests";
			productName = "social mediaUITests";
			productReference = DB12A57E272ABF2A003CEBF6 /* social mediaUITests.xctest */;
			productType = "com.apple.product-type.bundle.ui-testing";
		};
/* End PBXNativeTarget section */

/* Begin PBXProject section */
		DB12A55C272ABF2A003CEBF6 /* Project object */ = {
			isa = PBXProject;
			attributes = {
				BuildIndependentTargetsInParallel = 1;
				LastSwiftUpdateCheck = 1300;
				LastUpgradeCheck = 1300;
				TargetAttributes = {
					DB12A563272ABF2A003CEBF6 = {
						CreatedOnToolsVersion = 13.0;
					};
					DB12A573272ABF2A003CEBF6 = {
						CreatedOnToolsVersion = 13.0;
						TestTargetID = DB12A563272ABF2A003CEBF6;
					};
					DB12A57D272ABF2A003CEBF6 = {
						CreatedOnToolsVersion = 13.0;
						TestTargetID = DB12A563272ABF2A003CEBF6;
					};
				};
			};
			buildConfigurationList = DB12A55F272ABF2A003CEBF6 /* Build configuration list for PBXProject "social media" */;
			compatibilityVersion = "Xcode 13.0";
			developmentRegion = en;
			hasScannedForEncodings = 0;
			knownRegions = (
				en,
				Base,
			);
			mainGroup = DB12A55B272ABF2A003CEBF6;
			packageReferences = (
				DB904BE7272E83180012B278 /* XCRemoteSwiftPackageReference "firebase-ios-sdk" */,
				DBC2C9CE272E9DBD00142AFF /* XCRemoteSwiftPackageReference "GoogleSignIn-iOS" */,
			);
			productRefGroup = DB12A565272ABF2A003CEBF6 /* Products */;
			projectDirPath = "";
			projectRoot = "";
			targets = (
				DB12A563272ABF2A003CEBF6 /* social media */,
				DB12A573272ABF2A003CEBF6 /* social mediaTests */,
				DB12A57D272ABF2A003CEBF6 /* social mediaUITests */,
			);
		};
/* End PBXProject section */

/* Begin PBXResourcesBuildPhase section */
		DB12A562272ABF2A003CEBF6 /* Resources */ = {
			isa = PBXResourcesBuildPhase;
			buildActionMask = 2147483647;
			files = (
				DB12A592272AC784003CEBF6 /* LaunchScreen.storyboard in Resources */,
				DB46B146272D694E005E4DC2 /* GoogleService-Info.plist in Resources */,
				DB12A56F272ABF2A003CEBF6 /* Preview Assets.xcassets in Resources */,
				DB12A56C272ABF2A003CEBF6 /* Assets.xcassets in Resources */,
			);
			runOnlyForDeploymentPostprocessing = 0;
		};
		DB12A572272ABF2A003CEBF6 /* Resources */ = {
			isa = PBXResourcesBuildPhase;
			buildActionMask = 2147483647;
			files = (
			);
			runOnlyForDeploymentPostprocessing = 0;
		};
		DB12A57C272ABF2A003CEBF6 /* Resources */ = {
			isa = PBXResourcesBuildPhase;
			buildActionMask = 2147483647;
			files = (
			);
			runOnlyForDeploymentPostprocessing = 0;
		};
/* End PBXResourcesBuildPhase section */

/* Begin PBXSourcesBuildPhase section */
		DB12A560272ABF2A003CEBF6 /* Sources */ = {
			isa = PBXSourcesBuildPhase;
			buildActionMask = 2147483647;
			files = (
				DB22A510272D18FA002DB6D3 /* OnboardingView2.swift in Sources */,
				DB22C172272CFA2D00E74EE2 /* SettingsEditTextView.swift in Sources */,
				DB12A56A272ABF2A003CEBF6 /* ContentView.swift in Sources */,
				DB12A59D272AE1F5003CEBF6 /* PostModel.swift in Sources */,
				DB9875C2272B93130041AD4B /* CarouselView.swift in Sources */,
				DB9B5285272BDC6300C7E936 /* ImagePicker.swift in Sources */,
				DB22A512272D2101002DB6D3 /* LikeAnimationView.swift in Sources */,
				DB22C176272D09AF00E74EE2 /* SignUpView.swift in Sources */,
				DBCC58BD27315CD7004D595B /* SignInWithApple.swift in Sources */,
				DB22C174272D01E100E74EE2 /* SettingsEditImageView.swift in Sources */,
				DB911B63272CDF7F00D87D35 /* ProfileHeaderView.swift in Sources */,
				DB9875C0272B92700041AD4B /* BrowseView.swift in Sources */,
				DB3AC050272F78F400610392 /* ImageManager.swift in Sources */,
				DBCC58C02731675C004D595B /* LazyView.swift in Sources */,
				DB12A598272ADD92003CEBF6 /* FeedView.swift in Sources */,
				DB12A59A272ADE17003CEBF6 /* PostView.swift in Sources */,
				DB9875C4272B9C140041AD4B /* ImageGridView.swift in Sources */,
				DB911B61272CDE3000D87D35 /* ProfileView.swift in Sources */,
				DBC37056272AEA0300E86729 /* MessageView.swift in Sources */,
				DB12A568272ABF2A003CEBF6 /* social_mediaApp.swift in Sources */,
				DB22C170272CF51C00E74EE2 /* SettingsRowView.swift in Sources */,
				DBA857A3272EF48200830DDA /* GoogleSignInUIView.swift in Sources */,
				DB911161272F13EB0095D5EA /* Enums & Structs.swift in Sources */,
				DBD73226272D86AC00A45CD7 /* SignInWithGoogle.swift in Sources */,
				DBB6D1C5272C0CA800605221 /* PostImageView.swift in Sources */,
				DB911B65272CEF6000D87D35 /* SettingsView.swift in Sources */,
				DBCF50B1272BA1F200ABB0CA /* UploadScreen.swift in Sources */,
				DB12A59F272AE4A3003CEBF6 /* PostModelArray.swift in Sources */,
				DBC37058272AEB2700E86729 /* CommentModel.swift in Sources */,
				DBCC58BB2730C85D004D595B /* DataService.swift in Sources */,
				DBE7EF31272D14E800990A55 /* OnboardingView.swift in Sources */,
				DBE7EF33272D169700990A55 /* SigninWithAppleCustomButton.swift in Sources */,
				DB91115F272F09240095D5EA /* AuthService.swift in Sources */,
				DB12A5A1272AE71C003CEBF6 /* CommentsView.swift in Sources */,
				DB911B67272CF28F00D87D35 /* SettingsLabelView.swift in Sources */,
			);
			runOnlyForDeploymentPostprocessing = 0;
		};
		DB12A570272ABF2A003CEBF6 /* Sources */ = {
			isa = PBXSourcesBuildPhase;
			buildActionMask = 2147483647;
			files = (
				DB12A579272ABF2A003CEBF6 /* social_mediaTests.swift in Sources */,
			);
			runOnlyForDeploymentPostprocessing = 0;
		};
		DB12A57A272ABF2A003CEBF6 /* Sources */ = {
			isa = PBXSourcesBuildPhase;
			buildActionMask = 2147483647;
			files = (
				DB12A585272ABF2A003CEBF6 /* social_mediaUITestsLaunchTests.swift in Sources */,
				DB12A583272ABF2A003CEBF6 /* social_mediaUITests.swift in Sources */,
			);
			runOnlyForDeploymentPostprocessing = 0;
		};
/* End PBXSourcesBuildPhase section */

/* Begin PBXTargetDependency section */
		DB12A576272ABF2A003CEBF6 /* PBXTargetDependency */ = {
			isa = PBXTargetDependency;
			target = DB12A563272ABF2A003CEBF6 /* social media */;
			targetProxy = DB12A575272ABF2A003CEBF6 /* PBXContainerItemProxy */;
		};
		DB12A580272ABF2A003CEBF6 /* PBXTargetDependency */ = {
			isa = PBXTargetDependency;
			target = DB12A563272ABF2A003CEBF6 /* social media */;
			targetProxy = DB12A57F272ABF2A003CEBF6 /* PBXContainerItemProxy */;
		};
/* End PBXTargetDependency section */

/* Begin XCBuildConfiguration section */
		DB12A586272ABF2A003CEBF6 /* Debug */ = {
			isa = XCBuildConfiguration;
			buildSettings = {
				ALWAYS_SEARCH_USER_PATHS = NO;
				CLANG_ANALYZER_NONNULL = YES;
				CLANG_ANALYZER_NUMBER_OBJECT_CONVERSION = YES_AGGRESSIVE;
				CLANG_CXX_LANGUAGE_STANDARD = "gnu++17";
				CLANG_CXX_LIBRARY = "libc++";
				CLANG_ENABLE_MODULES = YES;
				CLANG_ENABLE_OBJC_ARC = YES;
				CLANG_ENABLE_OBJC_WEAK = YES;
				CLANG_WARN_BLOCK_CAPTURE_AUTORELEASING = YES;
				CLANG_WARN_BOOL_CONVERSION = YES;
				CLANG_WARN_COMMA = YES;
				CLANG_WARN_CONSTANT_CONVERSION = YES;
				CLANG_WARN_DEPRECATED_OBJC_IMPLEMENTATIONS = YES;
				CLANG_WARN_DIRECT_OBJC_ISA_USAGE = YES_ERROR;
				CLANG_WARN_DOCUMENTATION_COMMENTS = YES;
				CLANG_WARN_EMPTY_BODY = YES;
				CLANG_WARN_ENUM_CONVERSION = YES;
				CLANG_WARN_INFINITE_RECURSION = YES;
				CLANG_WARN_INT_CONVERSION = YES;
				CLANG_WARN_NON_LITERAL_NULL_CONVERSION = YES;
				CLANG_WARN_OBJC_IMPLICIT_RETAIN_SELF = YES;
				CLANG_WARN_OBJC_LITERAL_CONVERSION = YES;
				CLANG_WARN_OBJC_ROOT_CLASS = YES_ERROR;
				CLANG_WARN_QUOTED_INCLUDE_IN_FRAMEWORK_HEADER = YES;
				CLANG_WARN_RANGE_LOOP_ANALYSIS = YES;
				CLANG_WARN_STRICT_PROTOTYPES = YES;
				CLANG_WARN_SUSPICIOUS_MOVE = YES;
				CLANG_WARN_UNGUARDED_AVAILABILITY = YES_AGGRESSIVE;
				CLANG_WARN_UNREACHABLE_CODE = YES;
				CLANG_WARN__DUPLICATE_METHOD_MATCH = YES;
				COPY_PHASE_STRIP = NO;
				DEBUG_INFORMATION_FORMAT = dwarf;
				ENABLE_STRICT_OBJC_MSGSEND = YES;
				ENABLE_TESTABILITY = YES;
				GCC_C_LANGUAGE_STANDARD = gnu11;
				GCC_DYNAMIC_NO_PIC = NO;
				GCC_NO_COMMON_BLOCKS = YES;
				GCC_OPTIMIZATION_LEVEL = 0;
				GCC_PREPROCESSOR_DEFINITIONS = (
					"DEBUG=1",
					"$(inherited)",
				);
				GCC_WARN_64_TO_32_BIT_CONVERSION = YES;
				GCC_WARN_ABOUT_RETURN_TYPE = YES_ERROR;
				GCC_WARN_UNDECLARED_SELECTOR = YES;
				GCC_WARN_UNINITIALIZED_AUTOS = YES_AGGRESSIVE;
				GCC_WARN_UNUSED_FUNCTION = YES;
				GCC_WARN_UNUSED_VARIABLE = YES;
				IPHONEOS_DEPLOYMENT_TARGET = 15.0;
				MTL_ENABLE_DEBUG_INFO = INCLUDE_SOURCE;
				MTL_FAST_MATH = YES;
				ONLY_ACTIVE_ARCH = YES;
				SDKROOT = iphoneos;
				SWIFT_ACTIVE_COMPILATION_CONDITIONS = DEBUG;
				SWIFT_OPTIMIZATION_LEVEL = "-Onone";
			};
			name = Debug;
		};
		DB12A587272ABF2A003CEBF6 /* Release */ = {
			isa = XCBuildConfiguration;
			buildSettings = {
				ALWAYS_SEARCH_USER_PATHS = NO;
				CLANG_ANALYZER_NONNULL = YES;
				CLANG_ANALYZER_NUMBER_OBJECT_CONVERSION = YES_AGGRESSIVE;
				CLANG_CXX_LANGUAGE_STANDARD = "gnu++17";
				CLANG_CXX_LIBRARY = "libc++";
				CLANG_ENABLE_MODULES = YES;
				CLANG_ENABLE_OBJC_ARC = YES;
				CLANG_ENABLE_OBJC_WEAK = YES;
				CLANG_WARN_BLOCK_CAPTURE_AUTORELEASING = YES;
				CLANG_WARN_BOOL_CONVERSION = YES;
				CLANG_WARN_COMMA = YES;
				CLANG_WARN_CONSTANT_CONVERSION = YES;
				CLANG_WARN_DEPRECATED_OBJC_IMPLEMENTATIONS = YES;
				CLANG_WARN_DIRECT_OBJC_ISA_USAGE = YES_ERROR;
				CLANG_WARN_DOCUMENTATION_COMMENTS = YES;
				CLANG_WARN_EMPTY_BODY = YES;
				CLANG_WARN_ENUM_CONVERSION = YES;
				CLANG_WARN_INFINITE_RECURSION = YES;
				CLANG_WARN_INT_CONVERSION = YES;
				CLANG_WARN_NON_LITERAL_NULL_CONVERSION = YES;
				CLANG_WARN_OBJC_IMPLICIT_RETAIN_SELF = YES;
				CLANG_WARN_OBJC_LITERAL_CONVERSION = YES;
				CLANG_WARN_OBJC_ROOT_CLASS = YES_ERROR;
				CLANG_WARN_QUOTED_INCLUDE_IN_FRAMEWORK_HEADER = YES;
				CLANG_WARN_RANGE_LOOP_ANALYSIS = YES;
				CLANG_WARN_STRICT_PROTOTYPES = YES;
				CLANG_WARN_SUSPICIOUS_MOVE = YES;
				CLANG_WARN_UNGUARDED_AVAILABILITY = YES_AGGRESSIVE;
				CLANG_WARN_UNREACHABLE_CODE = YES;
				CLANG_WARN__DUPLICATE_METHOD_MATCH = YES;
				COPY_PHASE_STRIP = NO;
				DEBUG_INFORMATION_FORMAT = "dwarf-with-dsym";
				ENABLE_NS_ASSERTIONS = NO;
				ENABLE_STRICT_OBJC_MSGSEND = YES;
				GCC_C_LANGUAGE_STANDARD = gnu11;
				GCC_NO_COMMON_BLOCKS = YES;
				GCC_WARN_64_TO_32_BIT_CONVERSION = YES;
				GCC_WARN_ABOUT_RETURN_TYPE = YES_ERROR;
				GCC_WARN_UNDECLARED_SELECTOR = YES;
				GCC_WARN_UNINITIALIZED_AUTOS = YES_AGGRESSIVE;
				GCC_WARN_UNUSED_FUNCTION = YES;
				GCC_WARN_UNUSED_VARIABLE = YES;
				IPHONEOS_DEPLOYMENT_TARGET = 15.0;
				MTL_ENABLE_DEBUG_INFO = NO;
				MTL_FAST_MATH = YES;
				SDKROOT = iphoneos;
				SWIFT_COMPILATION_MODE = wholemodule;
				SWIFT_OPTIMIZATION_LEVEL = "-O";
				VALIDATE_PRODUCT = YES;
			};
			name = Release;
		};
		DB12A589272ABF2A003CEBF6 /* Debug */ = {
			isa = XCBuildConfiguration;
			buildSettings = {
				ASSETCATALOG_COMPILER_APPICON_NAME = AppIcon;
				ASSETCATALOG_COMPILER_GLOBAL_ACCENT_COLOR_NAME = AccentColor;
				CODE_SIGN_STYLE = Automatic;
				CURRENT_PROJECT_VERSION = 1;
				DEVELOPMENT_ASSET_PATHS = "\"social media/Preview Content\"";
				DEVELOPMENT_TEAM = S6QK8T6Z25;
				ENABLE_PREVIEWS = YES;
				GENERATE_INFOPLIST_FILE = YES;
				INFOPLIST_FILE = "social-media-Info.plist";
				INFOPLIST_KEY_NSCameraUsageDescription = "App uses camera";
				INFOPLIST_KEY_NSPhotoLibraryUsageDescription = "";
				INFOPLIST_KEY_UIApplicationSceneManifest_Generation = YES;
				INFOPLIST_KEY_UIApplicationSupportsIndirectInputEvents = YES;
				INFOPLIST_KEY_UILaunchScreen_Generation = YES;
				INFOPLIST_KEY_UISupportedInterfaceOrientations_iPad = "UIInterfaceOrientationPortrait UIInterfaceOrientationPortraitUpsideDown UIInterfaceOrientationLandscapeLeft UIInterfaceOrientationLandscapeRight";
				INFOPLIST_KEY_UISupportedInterfaceOrientations_iPhone = "UIInterfaceOrientationPortrait UIInterfaceOrientationLandscapeLeft UIInterfaceOrientationLandscapeRight";
				IPHONEOS_DEPLOYMENT_TARGET = 14.0;
				LD_RUNPATH_SEARCH_PATHS = (
					"$(inherited)",
					"@executable_path/Frameworks",
				);
				MARKETING_VERSION = 1.0;
				PRODUCT_BUNDLE_IDENTIFIER = "devang.social-media";
				PRODUCT_NAME = "$(TARGET_NAME)";
				SWIFT_EMIT_LOC_STRINGS = YES;
				SWIFT_VERSION = 5.0;
				TARGETED_DEVICE_FAMILY = "1,2";
			};
			name = Debug;
		};
		DB12A58A272ABF2A003CEBF6 /* Release */ = {
			isa = XCBuildConfiguration;
			buildSettings = {
				ASSETCATALOG_COMPILER_APPICON_NAME = AppIcon;
				ASSETCATALOG_COMPILER_GLOBAL_ACCENT_COLOR_NAME = AccentColor;
				CODE_SIGN_STYLE = Automatic;
				CURRENT_PROJECT_VERSION = 1;
				DEVELOPMENT_ASSET_PATHS = "\"social media/Preview Content\"";
				DEVELOPMENT_TEAM = S6QK8T6Z25;
				ENABLE_PREVIEWS = YES;
				GENERATE_INFOPLIST_FILE = YES;
				INFOPLIST_FILE = "social-media-Info.plist";
				INFOPLIST_KEY_NSCameraUsageDescription = "App uses camera";
				INFOPLIST_KEY_NSPhotoLibraryUsageDescription = "";
				INFOPLIST_KEY_UIApplicationSceneManifest_Generation = YES;
				INFOPLIST_KEY_UIApplicationSupportsIndirectInputEvents = YES;
				INFOPLIST_KEY_UILaunchScreen_Generation = YES;
				INFOPLIST_KEY_UISupportedInterfaceOrientations_iPad = "UIInterfaceOrientationPortrait UIInterfaceOrientationPortraitUpsideDown UIInterfaceOrientationLandscapeLeft UIInterfaceOrientationLandscapeRight";
				INFOPLIST_KEY_UISupportedInterfaceOrientations_iPhone = "UIInterfaceOrientationPortrait UIInterfaceOrientationLandscapeLeft UIInterfaceOrientationLandscapeRight";
				IPHONEOS_DEPLOYMENT_TARGET = 14.0;
				LD_RUNPATH_SEARCH_PATHS = (
					"$(inherited)",
					"@executable_path/Frameworks",
				);
				MARKETING_VERSION = 1.0;
				PRODUCT_BUNDLE_IDENTIFIER = "devang.social-media";
				PRODUCT_NAME = "$(TARGET_NAME)";
				SWIFT_EMIT_LOC_STRINGS = YES;
				SWIFT_VERSION = 5.0;
				TARGETED_DEVICE_FAMILY = "1,2";
			};
			name = Release;
		};
		DB12A58C272ABF2A003CEBF6 /* Debug */ = {
			isa = XCBuildConfiguration;
			buildSettings = {
				ALWAYS_EMBED_SWIFT_STANDARD_LIBRARIES = YES;
				BUNDLE_LOADER = "$(TEST_HOST)";
				CODE_SIGN_STYLE = Automatic;
				CURRENT_PROJECT_VERSION = 1;
				DEVELOPMENT_TEAM = S6QK8T6Z25;
				GENERATE_INFOPLIST_FILE = YES;
				IPHONEOS_DEPLOYMENT_TARGET = 14.0;
				LD_RUNPATH_SEARCH_PATHS = (
					"$(inherited)",
					"@executable_path/Frameworks",
					"@loader_path/Frameworks",
				);
				MARKETING_VERSION = 1.0;
				PRODUCT_BUNDLE_IDENTIFIER = "devang.social-mediaTests";
				PRODUCT_NAME = "$(TARGET_NAME)";
				SWIFT_EMIT_LOC_STRINGS = NO;
				SWIFT_VERSION = 5.0;
				TARGETED_DEVICE_FAMILY = "1,2";
				TEST_HOST = "$(BUILT_PRODUCTS_DIR)/social media.app/social media";
			};
			name = Debug;
		};
		DB12A58D272ABF2A003CEBF6 /* Release */ = {
			isa = XCBuildConfiguration;
			buildSettings = {
				ALWAYS_EMBED_SWIFT_STANDARD_LIBRARIES = YES;
				BUNDLE_LOADER = "$(TEST_HOST)";
				CODE_SIGN_STYLE = Automatic;
				CURRENT_PROJECT_VERSION = 1;
				DEVELOPMENT_TEAM = S6QK8T6Z25;
				GENERATE_INFOPLIST_FILE = YES;
				IPHONEOS_DEPLOYMENT_TARGET = 14.0;
				LD_RUNPATH_SEARCH_PATHS = (
					"$(inherited)",
					"@executable_path/Frameworks",
					"@loader_path/Frameworks",
				);
				MARKETING_VERSION = 1.0;
				PRODUCT_BUNDLE_IDENTIFIER = "devang.social-mediaTests";
				PRODUCT_NAME = "$(TARGET_NAME)";
				SWIFT_EMIT_LOC_STRINGS = NO;
				SWIFT_VERSION = 5.0;
				TARGETED_DEVICE_FAMILY = "1,2";
				TEST_HOST = "$(BUILT_PRODUCTS_DIR)/social media.app/social media";
			};
			name = Release;
		};
		DB12A58F272ABF2A003CEBF6 /* Debug */ = {
			isa = XCBuildConfiguration;
			buildSettings = {
				ALWAYS_EMBED_SWIFT_STANDARD_LIBRARIES = YES;
				CODE_SIGN_STYLE = Automatic;
				CURRENT_PROJECT_VERSION = 1;
				DEVELOPMENT_TEAM = S6QK8T6Z25;
				GENERATE_INFOPLIST_FILE = YES;
				LD_RUNPATH_SEARCH_PATHS = (
					"$(inherited)",
					"@executable_path/Frameworks",
					"@loader_path/Frameworks",
				);
				MARKETING_VERSION = 1.0;
				PRODUCT_BUNDLE_IDENTIFIER = "devang.social-mediaUITests";
				PRODUCT_NAME = "$(TARGET_NAME)";
				SWIFT_EMIT_LOC_STRINGS = NO;
				SWIFT_VERSION = 5.0;
				TARGETED_DEVICE_FAMILY = "1,2";
				TEST_TARGET_NAME = "social media";
			};
			name = Debug;
		};
		DB12A590272ABF2A003CEBF6 /* Release */ = {
			isa = XCBuildConfiguration;
			buildSettings = {
				ALWAYS_EMBED_SWIFT_STANDARD_LIBRARIES = YES;
				CODE_SIGN_STYLE = Automatic;
				CURRENT_PROJECT_VERSION = 1;
				DEVELOPMENT_TEAM = S6QK8T6Z25;
				GENERATE_INFOPLIST_FILE = YES;
				LD_RUNPATH_SEARCH_PATHS = (
					"$(inherited)",
					"@executable_path/Frameworks",
					"@loader_path/Frameworks",
				);
				MARKETING_VERSION = 1.0;
				PRODUCT_BUNDLE_IDENTIFIER = "devang.social-mediaUITests";
				PRODUCT_NAME = "$(TARGET_NAME)";
				SWIFT_EMIT_LOC_STRINGS = NO;
				SWIFT_VERSION = 5.0;
				TARGETED_DEVICE_FAMILY = "1,2";
				TEST_TARGET_NAME = "social media";
			};
			name = Release;
		};
/* End XCBuildConfiguration section */

/* Begin XCConfigurationList section */
		DB12A55F272ABF2A003CEBF6 /* Build configuration list for PBXProject "social media" */ = {
			isa = XCConfigurationList;
			buildConfigurations = (
				DB12A586272ABF2A003CEBF6 /* Debug */,
				DB12A587272ABF2A003CEBF6 /* Release */,
			);
			defaultConfigurationIsVisible = 0;
			defaultConfigurationName = Release;
		};
		DB12A588272ABF2A003CEBF6 /* Build configuration list for PBXNativeTarget "social media" */ = {
			isa = XCConfigurationList;
			buildConfigurations = (
				DB12A589272ABF2A003CEBF6 /* Debug */,
				DB12A58A272ABF2A003CEBF6 /* Release */,
			);
			defaultConfigurationIsVisible = 0;
			defaultConfigurationName = Release;
		};
		DB12A58B272ABF2A003CEBF6 /* Build configuration list for PBXNativeTarget "social mediaTests" */ = {
			isa = XCConfigurationList;
			buildConfigurations = (
				DB12A58C272ABF2A003CEBF6 /* Debug */,
				DB12A58D272ABF2A003CEBF6 /* Release */,
			);
			defaultConfigurationIsVisible = 0;
			defaultConfigurationName = Release;
		};
		DB12A58E272ABF2A003CEBF6 /* Build configuration list for PBXNativeTarget "social mediaUITests" */ = {
			isa = XCConfigurationList;
			buildConfigurations = (
				DB12A58F272ABF2A003CEBF6 /* Debug */,
				DB12A590272ABF2A003CEBF6 /* Release */,
			);
			defaultConfigurationIsVisible = 0;
			defaultConfigurationName = Release;
		};
/* End XCConfigurationList section */

/* Begin XCRemoteSwiftPackageReference section */
		DB904BE7272E83180012B278 /* XCRemoteSwiftPackageReference "firebase-ios-sdk" */ = {
			isa = XCRemoteSwiftPackageReference;
			repositoryURL = "https://github.com/firebase/firebase-ios-sdk.git";
			requirement = {
				kind = upToNextMajorVersion;
				minimumVersion = 8.0.0;
			};
		};
		DBC2C9CE272E9DBD00142AFF /* XCRemoteSwiftPackageReference "GoogleSignIn-iOS" */ = {
			isa = XCRemoteSwiftPackageReference;
			repositoryURL = "https://github.com/google/GoogleSignIn-iOS";
			requirement = {
				branch = main;
				kind = branch;
			};
		};
/* End XCRemoteSwiftPackageReference section */

/* Begin XCSwiftPackageProductDependency section */
		DB904BE8272E83180012B278 /* FirebaseAnalytics */ = {
			isa = XCSwiftPackageProductDependency;
			package = DB904BE7272E83180012B278 /* XCRemoteSwiftPackageReference "firebase-ios-sdk" */;
			productName = FirebaseAnalytics;
		};
		DB904BEA272E83180012B278 /* FirebaseAuth */ = {
			isa = XCSwiftPackageProductDependency;
			package = DB904BE7272E83180012B278 /* XCRemoteSwiftPackageReference "firebase-ios-sdk" */;
			productName = FirebaseAuth;
		};
		DB904BEC272E83180012B278 /* FirebaseDatabase */ = {
			isa = XCSwiftPackageProductDependency;
			package = DB904BE7272E83180012B278 /* XCRemoteSwiftPackageReference "firebase-ios-sdk" */;
			productName = FirebaseDatabase;
		};
		DB904BEE272E83180012B278 /* FirebaseDatabaseSwift-Beta */ = {
			isa = XCSwiftPackageProductDependency;
			package = DB904BE7272E83180012B278 /* XCRemoteSwiftPackageReference "firebase-ios-sdk" */;
			productName = "FirebaseDatabaseSwift-Beta";
		};
		DB904BF0272E83180012B278 /* FirebaseFirestore */ = {
			isa = XCSwiftPackageProductDependency;
			package = DB904BE7272E83180012B278 /* XCRemoteSwiftPackageReference "firebase-ios-sdk" */;
			productName = FirebaseFirestore;
		};
		DB904BF2272E83180012B278 /* FirebaseFirestoreSwift-Beta */ = {
			isa = XCSwiftPackageProductDependency;
			package = DB904BE7272E83180012B278 /* XCRemoteSwiftPackageReference "firebase-ios-sdk" */;
			productName = "FirebaseFirestoreSwift-Beta";
		};
		DB904BF4272E83180012B278 /* FirebaseStorage */ = {
			isa = XCSwiftPackageProductDependency;
			package = DB904BE7272E83180012B278 /* XCRemoteSwiftPackageReference "firebase-ios-sdk" */;
			productName = FirebaseStorage;
		};
		DBC2C9CF272E9DBD00142AFF /* GoogleSignIn */ = {
			isa = XCSwiftPackageProductDependency;
			package = DBC2C9CE272E9DBD00142AFF /* XCRemoteSwiftPackageReference "GoogleSignIn-iOS" */;
			productName = GoogleSignIn;
		};
/* End XCSwiftPackageProductDependency section */
	};
	rootObject = DB12A55C272ABF2A003CEBF6 /* Project object */;
}
