// !$*UTF8*$!
{
	archiveVersion = 1;
	classes = {
	};
	objectVersion = 55;
	objects = {

/* Begin PBXBuildFile section */
		DB12A568272ABF2A003CEBF6 /* social_mediaApp.swift in Sources */ = {isa = PBXBuildFile; fileRef = DB12A567272ABF2A003CEBF6 /* social_mediaApp.swift */; };
		DB12A56A272ABF2A003CEBF6 /* ContentView.swift in Sources */ = {isa = PBXBuildFile; fileRef = DB12A569272ABF2A003CEBF6 /* ContentView.swift */; };
		DB12A56C272ABF2A003CEBF6 /* Assets.xcassets in Resources */ = {isa = PBXBuildFile; fileRef = DB12A56B272ABF2A003CEBF6 /* Assets.xcassets */; };
		DB12A56F272ABF2A003CEBF6 /* Preview Assets.xcassets in Resources */ = {isa = PBXBuildFile; fileRef = DB12A56E272ABF2A003CEBF6 /* Preview Assets.xcassets */; };
		DB12A579272ABF2A003CEBF6 /* social_mediaTests.swift in Sources */ = {isa = PBXBuildFile; fileRef = DB12A578272ABF2A003CEBF6 /* social_mediaTests.swift */; };
		DB12A583272ABF2A003CEBF6 /* social_mediaUITests.swift in Sources */ = {isa = PBXBuildFile; fileRef = DB12A582272ABF2A003CEBF6 /* social_mediaUITests.swift */; };
		DB12A585272ABF2A003CEBF6 /* social_mediaUITestsLaunchTests.swift in Sources */ = {isa = PBXBuildFile; fileRef = DB12A584272ABF2A003CEBF6 /* social_mediaUITestsLaunchTests.swift */; };
/* End PBXBuildFile section */

/* Begin PBXContainerItemProxy section */
		DB12A575272ABF2A003CEBF6 /* PBXContainerItemProxy */ = {
			isa = PBXContainerItemProxy;
			containerPortal = DB12A55C272ABF2A003CEBF6 /* Project object */;
			proxyType = 1;
			remoteGlobalIDString = DB12A563272ABF2A003CEBF6;
			remoteInfo = "social media";
		};
		DB12A57F272ABF2A003CEBF6 /* PBXContainerItemProxy */ = {
			isa = PBXContainerItemProxy;
			containerPortal = DB12A55C272ABF2A003CEBF6 /* Project object */;
			proxyType = 1;
			remoteGlobalIDString = DB12A563272ABF2A003CEBF6;
			remoteInfo = "social media";
		};
/* End PBXContainerItemProxy section */

/* Begin PBXFileReference section */
		DB12A564272ABF2A003CEBF6 /* social media.app */ = {isa = PBXFileReference; explicitFileType = wrapper.application; includeInIndex = 0; path = "social media.app"; sourceTree = BUILT_PRODUCTS_DIR; };
		DB12A567272ABF2A003CEBF6 /* social_mediaApp.swift */ = {isa = PBXFileReference; lastKnownFileType = sourcecode.swift; path = social_mediaApp.swift; sourceTree = "<group>"; };
		DB12A569272ABF2A003CEBF6 /* ContentView.swift */ = {isa = PBXFileReference; lastKnownFileType = sourcecode.swift; path = ContentView.swift; sourceTree = "<group>"; };
		DB12A56B272ABF2A003CEBF6 /* Assets.xcassets */ = {isa = PBXFileReference; lastKnownFileType = folder.assetcatalog; path = Assets.xcassets; sourceTree = "<group>"; };
		DB12A56E272ABF2A003CEBF6 /* Preview Assets.xcassets */ = {isa = PBXFileReference; lastKnownFileType = folder.assetcatalog; path = "Preview Assets.xcassets"; sourceTree = "<group>"; };
		DB12A574272ABF2A003CEBF6 /* social mediaTests.xctest */ = {isa = PBXFileReference; explicitFileType = wrapper.cfbundle; includeInIndex = 0; path = "social mediaTests.xctest"; sourceTree = BUILT_PRODUCTS_DIR; };
		DB12A578272ABF2A003CEBF6 /* social_mediaTests.swift */ = {isa = PBXFileReference; lastKnownFileType = sourcecode.swift; path = social_mediaTests.swift; sourceTree = "<group>"; };
		DB12A57E272ABF2A003CEBF6 /* social mediaUITests.xctest */ = {isa = PBXFileReference; explicitFileType = wrapper.cfbundle; includeInIndex = 0; path = "social mediaUITests.xctest"; sourceTree = BUILT_PRODUCTS_DIR; };
		DB12A582272ABF2A003CEBF6 /* social_mediaUITests.swift */ = {isa = PBXFileReference; lastKnownFileType = sourcecode.swift; path = social_mediaUITests.swift; sourceTree = "<group>"; };
		DB12A584272ABF2A003CEBF6 /* social_mediaUITestsLaunchTests.swift */ = {isa = PBXFileReference; lastKnownFileType = sourcecode.swift; path = social_mediaUITestsLaunchTests.swift; sourceTree = "<group>"; };
/* End PBXFileReference section */

/* Begin PBXFrameworksBuildPhase section */
		DB12A561272ABF2A003CEBF6 /* Frameworks */ = {
			isa = PBXFrameworksBuildPhase;
			buildActionMask = 2147483647;
			files = (
			);
			runOnlyForDeploymentPostprocessing = 0;
		};
		DB12A571272ABF2A003CEBF6 /* Frameworks */ = {
			isa = PBXFrameworksBuildPhase;
			buildActionMask = 2147483647;
			files = (
			);
			runOnlyForDeploymentPostprocessing = 0;
		};
		DB12A57B272ABF2A003CEBF6 /* Frameworks */ = {
			isa = PBXFrameworksBuildPhase;
			buildActionMask = 2147483647;
			files = (
			);
			runOnlyForDeploymentPostprocessing = 0;
		};
/* End PBXFrameworksBuildPhase section */

/* Begin PBXGroup section */
		DB12A55B272ABF2A003CEBF6 = {
			isa = PBXGroup;
			children = (
				DB12A566272ABF2A003CEBF6 /* social media */,
				DB12A577272ABF2A003CEBF6 /* social mediaTests */,
				DB12A581272ABF2A003CEBF6 /* social mediaUITests */,
				DB12A565272ABF2A003CEBF6 /* Products */,
			);
			sourceTree = "<group>";
		};
		DB12A565272ABF2A003CEBF6 /* Products */ = {
			isa = PBXGroup;
			children = (
				DB12A564272ABF2A003CEBF6 /* social media.app */,
				DB12A574272ABF2A003CEBF6 /* social mediaTests.xctest */,
				DB12A57E272ABF2A003CEBF6 /* social mediaUITests.xctest */,
			);
			name = Products;
			sourceTree = "<group>";
		};
		DB12A566272ABF2A003CEBF6 /* social media */ = {
			isa = PBXGroup;
			children = (
				DB12A567272ABF2A003CEBF6 /* social_mediaApp.swift */,
				DB12A569272ABF2A003CEBF6 /* ContentView.swift */,
				DB12A56B272ABF2A003CEBF6 /* Assets.xcassets */,
				DB12A56D272ABF2A003CEBF6 /* Preview Content */,
			);
			path = "social media";
			sourceTree = "<group>";
		};
		DB12A56D272ABF2A003CEBF6 /* Preview Content */ = {
			isa = PBXGroup;
			children = (
				DB12A56E272ABF2A003CEBF6 /* Preview Assets.xcassets */,
			);
			path = "Preview Content";
			sourceTree = "<group>";
		};
		DB12A577272ABF2A003CEBF6 /* social mediaTests */ = {
			isa = PBXGroup;
			children = (
				DB12A578272ABF2A003CEBF6 /* social_mediaTests.swift */,
			);
			path = "social mediaTests";
			sourceTree = "<group>";
		};
		DB12A581272ABF2A003CEBF6 /* social mediaUITests */ = {
			isa = PBXGroup;
			children = (
				DB12A582272ABF2A003CEBF6 /* social_mediaUITests.swift */,
				DB12A584272ABF2A003CEBF6 /* social_mediaUITestsLaunchTests.swift */,
			);
			path = "social mediaUITests";
			sourceTree = "<group>";
		};
/* End PBXGroup section */

/* Begin PBXNativeTarget section */
		DB12A563272ABF2A003CEBF6 /* social media */ = {
			isa = PBXNativeTarget;
			buildConfigurationList = DB12A588272ABF2A003CEBF6 /* Build configuration list for PBXNativeTarget "social media" */;
			buildPhases = (
				DB12A560272ABF2A003CEBF6 /* Sources */,
				DB12A561272ABF2A003CEBF6 /* Frameworks */,
				DB12A562272ABF2A003CEBF6 /* Resources */,
			);
			buildRules = (
			);
			dependencies = (
			);
			name = "social media";
			productName = "social media";
			productReference = DB12A564272ABF2A003CEBF6 /* social media.app */;
			productType = "com.apple.product-type.application";
		};
		DB12A573272ABF2A003CEBF6 /* social mediaTests */ = {
			isa = PBXNativeTarget;
			buildConfigurationList = DB12A58B272ABF2A003CEBF6 /* Build configuration list for PBXNativeTarget "social mediaTests" */;
			buildPhases = (
				DB12A570272ABF2A003CEBF6 /* Sources */,
				DB12A571272ABF2A003CEBF6 /* Frameworks */,
				DB12A572272ABF2A003CEBF6 /* Resources */,
			);
			buildRules = (
			);
			dependencies = (
				DB12A576272ABF2A003CEBF6 /* PBXTargetDependency */,
			);
			name = "social mediaTests";
			productName = "social mediaTests";
			productReference = DB12A574272ABF2A003CEBF6 /* social mediaTests.xctest */;
			productType = "com.apple.product-type.bundle.unit-test";
		};
		DB12A57D272ABF2A003CEBF6 /* social mediaUITests */ = {
			isa = PBXNativeTarget;
			buildConfigurationList = DB12A58E272ABF2A003CEBF6 /* Build configuration list for PBXNativeTarget "social mediaUITests" */;
			buildPhases = (
				DB12A57A272ABF2A003CEBF6 /* Sources */,
				DB12A57B272ABF2A003CEBF6 /* Frameworks */,
				DB12A57C272ABF2A003CEBF6 /* Resources */,
			);
			buildRules = (
			);
			dependencies = (
				DB12A580272ABF2A003CEBF6 /* PBXTargetDependency */,
			);
			name = "social mediaUITests";
			productName = "social mediaUITests";
			productReference = DB12A57E272ABF2A003CEBF6 /* social mediaUITests.xctest */;
			productType = "com.apple.product-type.bundle.ui-testing";
		};
/* End PBXNativeTarget section */

/* Begin PBXProject section */
		DB12A55C272ABF2A003CEBF6 /* Project object */ = {
			isa = PBXProject;
			attributes = {
				BuildIndependentTargetsInParallel = 1;
				LastSwiftUpdateCheck = 1300;
				LastUpgradeCheck = 1300;
				TargetAttributes = {
					DB12A563272ABF2A003CEBF6 = {
						CreatedOnToolsVersion = 13.0;
					};
					DB12A573272ABF2A003CEBF6 = {
						CreatedOnToolsVersion = 13.0;
						TestTargetID = DB12A563272ABF2A003CEBF6;
					};
					DB12A57D272ABF2A003CEBF6 = {
						CreatedOnToolsVersion = 13.0;
						TestTargetID = DB12A563272ABF2A003CEBF6;
					};
				};
			};
			buildConfigurationList = DB12A55F272ABF2A003CEBF6 /* Build configuration list for PBXProject "social media" */;
			compatibilityVersion = "Xcode 13.0";
			developmentRegion = en;
			hasScannedForEncodings = 0;
			knownRegions = (
				en,
				Base,
			);
			mainGroup = DB12A55B272ABF2A003CEBF6;
			productRefGroup = DB12A565272ABF2A003CEBF6 /* Products */;
			projectDirPath = "";
			projectRoot = "";
			targets = (
				DB12A563272ABF2A003CEBF6 /* social media */,
				DB12A573272ABF2A003CEBF6 /* social mediaTests */,
				DB12A57D272ABF2A003CEBF6 /* social mediaUITests */,
			);
		};
/* End PBXProject section */

/* Begin PBXResourcesBuildPhase section */
		DB12A562272ABF2A003CEBF6 /* Resources */ = {
			isa = PBXResourcesBuildPhase;
			buildActionMask = 2147483647;
			files = (
				DB12A56F272ABF2A003CEBF6 /* Preview Assets.xcassets in Resources */,
				DB12A56C272ABF2A003CEBF6 /* Assets.xcassets in Resources */,
			);
			runOnlyForDeploymentPostprocessing = 0;
		};
		DB12A572272ABF2A003CEBF6 /* Resources */ = {
			isa = PBXResourcesBuildPhase;
			buildActionMask = 2147483647;
			files = (
			);
			runOnlyForDeploymentPostprocessing = 0;
		};
		DB12A57C272ABF2A003CEBF6 /* Resources */ = {
			isa = PBXResourcesBuildPhase;
			buildActionMask = 2147483647;
			files = (
			);
			runOnlyForDeploymentPostprocessing = 0;
		};
/* End PBXResourcesBuildPhase section */

/* Begin PBXSourcesBuildPhase section */
		DB12A560272ABF2A003CEBF6 /* Sources */ = {
			isa = PBXSourcesBuildPhase;
			buildActionMask = 2147483647;
			files = (
				DB12A56A272ABF2A003CEBF6 /* ContentView.swift in Sources */,
				DB12A568272ABF2A003CEBF6 /* social_mediaApp.swift in Sources */,
			);
			runOnlyForDeploymentPostprocessing = 0;
		};
		DB12A570272ABF2A003CEBF6 /* Sources */ = {
			isa = PBXSourcesBuildPhase;
			buildActionMask = 2147483647;
			files = (
				DB12A579272ABF2A003CEBF6 /* social_mediaTests.swift in Sources */,
			);
			runOnlyForDeploymentPostprocessing = 0;
		};
		DB12A57A272ABF2A003CEBF6 /* Sources */ = {
			isa = PBXSourcesBuildPhase;
			buildActionMask = 2147483647;
			files = (
				DB12A585272ABF2A003CEBF6 /* social_mediaUITestsLaunchTests.swift in Sources */,
				DB12A583272ABF2A003CEBF6 /* social_mediaUITests.swift in Sources */,
			);
			runOnlyForDeploymentPostprocessing = 0;
		};
/* End PBXSourcesBuildPhase section */

/* Begin PBXTargetDependency section */
		DB12A576272ABF2A003CEBF6 /* PBXTargetDependency */ = {
			isa = PBXTargetDependency;
			target = DB12A563272ABF2A003CEBF6 /* social media */;
			targetProxy = DB12A575272ABF2A003CEBF6 /* PBXContainerItemProxy */;
		};
		DB12A580272ABF2A003CEBF6 /* PBXTargetDependency */ = {
			isa = PBXTargetDependency;
			target = DB12A563272ABF2A003CEBF6 /* social media */;
			targetProxy = DB12A57F272ABF2A003CEBF6 /* PBXContainerItemProxy */;
		};
/* End PBXTargetDependency section */

/* Begin XCBuildConfiguration section */
		DB12A586272ABF2A003CEBF6 /* Debug */ = {
			isa = XCBuildConfiguration;
			buildSettings = {
				ALWAYS_SEARCH_USER_PATHS = NO;
				CLANG_ANALYZER_NONNULL = YES;
				CLANG_ANALYZER_NUMBER_OBJECT_CONVERSION = YES_AGGRESSIVE;
				CLANG_CXX_LANGUAGE_STANDARD = "gnu++17";
				CLANG_CXX_LIBRARY = "libc++";
				CLANG_ENABLE_MODULES = YES;
				CLANG_ENABLE_OBJC_ARC = YES;
				CLANG_ENABLE_OBJC_WEAK = YES;
				CLANG_WARN_BLOCK_CAPTURE_AUTORELEASING = YES;
				CLANG_WARN_BOOL_CONVERSION = YES;
				CLANG_WARN_COMMA = YES;
				CLANG_WARN_CONSTANT_CONVERSION = YES;
				CLANG_WARN_DEPRECATED_OBJC_IMPLEMENTATIONS = YES;
				CLANG_WARN_DIRECT_OBJC_ISA_USAGE = YES_ERROR;
				CLANG_WARN_DOCUMENTATION_COMMENTS = YES;
				CLANG_WARN_EMPTY_BODY = YES;
				CLANG_WARN_ENUM_CONVERSION = YES;
				CLANG_WARN_INFINITE_RECURSION = YES;
				CLANG_WARN_INT_CONVERSION = YES;
				CLANG_WARN_NON_LITERAL_NULL_CONVERSION = YES;
				CLANG_WARN_OBJC_IMPLICIT_RETAIN_SELF = YES;
				CLANG_WARN_OBJC_LITERAL_CONVERSION = YES;
				CLANG_WARN_OBJC_ROOT_CLASS = YES_ERROR;
				CLANG_WARN_QUOTED_INCLUDE_IN_FRAMEWORK_HEADER = YES;
				CLANG_WARN_RANGE_LOOP_ANALYSIS = YES;
				CLANG_WARN_STRICT_PROTOTYPES = YES;
				CLANG_WARN_SUSPICIOUS_MOVE = YES;
				CLANG_WARN_UNGUARDED_AVAILABILITY = YES_AGGRESSIVE;
				CLANG_WARN_UNREACHABLE_CODE = YES;
				CLANG_WARN__DUPLICATE_METHOD_MATCH = YES;
				COPY_PHASE_STRIP = NO;
				DEBUG_INFORMATION_FORMAT = dwarf;
				ENABLE_STRICT_OBJC_MSGSEND = YES;
				ENABLE_TESTABILITY = YES;
				GCC_C_LANGUAGE_STANDARD = gnu11;
				GCC_DYNAMIC_NO_PIC = NO;
				GCC_NO_COMMON_BLOCKS = YES;
				GCC_OPTIMIZATION_LEVEL = 0;
				GCC_PREPROCESSOR_DEFINITIONS = (
					"DEBUG=1",
					"$(inherited)",
				);
				GCC_WARN_64_TO_32_BIT_CONVERSION = YES;
				GCC_WARN_ABOUT_RETURN_TYPE = YES_ERROR;
				GCC_WARN_UNDECLARED_SELECTOR = YES;
				GCC_WARN_UNINITIALIZED_AUTOS = YES_AGGRESSIVE;
				GCC_WARN_UNUSED_FUNCTION = YES;
				GCC_WARN_UNUSED_VARIABLE = YES;
				IPHONEOS_DEPLOYMENT_TARGET = 15.0;
				MTL_ENABLE_DEBUG_INFO = INCLUDE_SOURCE;
				MTL_FAST_MATH = YES;
				ONLY_ACTIVE_ARCH = YES;
				SDKROOT = iphoneos;
				SWIFT_ACTIVE_COMPILATION_CONDITIONS = DEBUG;
				SWIFT_OPTIMIZATION_LEVEL = "-Onone";
			};
			name = Debug;
		};
		DB12A587272ABF2A003CEBF6 /* Release */ = {
			isa = XCBuildConfiguration;
			buildSettings = {
				ALWAYS_SEARCH_USER_PATHS = NO;
				CLANG_ANALYZER_NONNULL = YES;
				CLANG_ANALYZER_NUMBER_OBJECT_CONVERSION = YES_AGGRESSIVE;
				CLANG_CXX_LANGUAGE_STANDARD = "gnu++17";
				CLANG_CXX_LIBRARY = "libc++";
				CLANG_ENABLE_MODULES = YES;
				CLANG_ENABLE_OBJC_ARC = YES;
				CLANG_ENABLE_OBJC_WEAK = YES;
				CLANG_WARN_BLOCK_CAPTURE_AUTORELEASING = YES;
				CLANG_WARN_BOOL_CONVERSION = YES;
				CLANG_WARN_COMMA = YES;
				CLANG_WARN_CONSTANT_CONVERSION = YES;
				CLANG_WARN_DEPRECATED_OBJC_IMPLEMENTATIONS = YES;
				CLANG_WARN_DIRECT_OBJC_ISA_USAGE = YES_ERROR;
				CLANG_WARN_DOCUMENTATION_COMMENTS = YES;
				CLANG_WARN_EMPTY_BODY = YES;
				CLANG_WARN_ENUM_CONVERSION = YES;
				CLANG_WARN_INFINITE_RECURSION = YES;
				CLANG_WARN_INT_CONVERSION = YES;
				CLANG_WARN_NON_LITERAL_NULL_CONVERSION = YES;
				CLANG_WARN_OBJC_IMPLICIT_RETAIN_SELF = YES;
				CLANG_WARN_OBJC_LITERAL_CONVERSION = YES;
				CLANG_WARN_OBJC_ROOT_CLASS = YES_ERROR;
				CLANG_WARN_QUOTED_INCLUDE_IN_FRAMEWORK_HEADER = YES;
				CLANG_WARN_RANGE_LOOP_ANALYSIS = YES;
				CLANG_WARN_STRICT_PROTOTYPES = YES;
				CLANG_WARN_SUSPICIOUS_MOVE = YES;
				CLANG_WARN_UNGUARDED_AVAILABILITY = YES_AGGRESSIVE;
				CLANG_WARN_UNREACHABLE_CODE = YES;
				CLANG_WARN__DUPLICATE_METHOD_MATCH = YES;
				COPY_PHASE_STRIP = NO;
				DEBUG_INFORMATION_FORMAT = "dwarf-with-dsym";
				ENABLE_NS_ASSERTIONS = NO;
				ENABLE_STRICT_OBJC_MSGSEND = YES;
				GCC_C_LANGUAGE_STANDARD = gnu11;
				GCC_NO_COMMON_BLOCKS = YES;
				GCC_WARN_64_TO_32_BIT_CONVERSION = YES;
				GCC_WARN_ABOUT_RETURN_TYPE = YES_ERROR;
				GCC_WARN_UNDECLARED_SELECTOR = YES;
				GCC_WARN_UNINITIALIZED_AUTOS = YES_AGGRESSIVE;
				GCC_WARN_UNUSED_FUNCTION = YES;
				GCC_WARN_UNUSED_VARIABLE = YES;
				IPHONEOS_DEPLOYMENT_TARGET = 15.0;
				MTL_ENABLE_DEBUG_INFO = NO;
				MTL_FAST_MATH = YES;
				SDKROOT = iphoneos;
				SWIFT_COMPILATION_MODE = wholemodule;
				SWIFT_OPTIMIZATION_LEVEL = "-O";
				VALIDATE_PRODUCT = YES;
			};
			name = Release;
		};
		DB12A589272ABF2A003CEBF6 /* Debug */ = {
			isa = XCBuildConfiguration;
			buildSettings = {
				ASSETCATALOG_COMPILER_APPICON_NAME = AppIcon;
				ASSETCATALOG_COMPILER_GLOBAL_ACCENT_COLOR_NAME = AccentColor;
				CODE_SIGN_STYLE = Automatic;
				CURRENT_PROJECT_VERSION = 1;
				DEVELOPMENT_ASSET_PATHS = "\"social media/Preview Content\"";
				DEVELOPMENT_TEAM = S6QK8T6Z25;
				ENABLE_PREVIEWS = YES;
				GENERATE_INFOPLIST_FILE = YES;
				INFOPLIST_KEY_UIApplicationSceneManifest_Generation = YES;
				INFOPLIST_KEY_UIApplicationSupportsIndirectInputEvents = YES;
				INFOPLIST_KEY_UILaunchScreen_Generation = YES;
				INFOPLIST_KEY_UISupportedInterfaceOrientations_iPad = "UIInterfaceOrientationPortrait UIInterfaceOrientationPortraitUpsideDown UIInterfaceOrientationLandscapeLeft UIInterfaceOrientationLandscapeRight";
				INFOPLIST_KEY_UISupportedInterfaceOrientations_iPhone = "UIInterfaceOrientationPortrait UIInterfaceOrientationLandscapeLeft UIInterfaceOrientationLandscapeRight";
				IPHONEOS_DEPLOYMENT_TARGET = 14.0;
				LD_RUNPATH_SEARCH_PATHS = (
					"$(inherited)",
					"@executable_path/Frameworks",
				);
				MARKETING_VERSION = 1.0;
				PRODUCT_BUNDLE_IDENTIFIER = "devang.social-media";
				PRODUCT_NAME = "$(TARGET_NAME)";
				SWIFT_EMIT_LOC_STRINGS = YES;
				SWIFT_VERSION = 5.0;
				TARGETED_DEVICE_FAMILY = "1,2";
			};
			name = Debug;
		};
		DB12A58A272ABF2A003CEBF6 /* Release */ = {
			isa = XCBuildConfiguration;
			buildSettings = {
				ASSETCATALOG_COMPILER_APPICON_NAME = AppIcon;
				ASSETCATALOG_COMPILER_GLOBAL_ACCENT_COLOR_NAME = AccentColor;
				CODE_SIGN_STYLE = Automatic;
				CURRENT_PROJECT_VERSION = 1;
				DEVELOPMENT_ASSET_PATHS = "\"social media/Preview Content\"";
				DEVELOPMENT_TEAM = S6QK8T6Z25;
				ENABLE_PREVIEWS = YES;
				GENERATE_INFOPLIST_FILE = YES;
				INFOPLIST_KEY_UIApplicationSceneManifest_Generation = YES;
				INFOPLIST_KEY_UIApplicationSupportsIndirectInputEvents = YES;
				INFOPLIST_KEY_UILaunchScreen_Generation = YES;
				INFOPLIST_KEY_UISupportedInterfaceOrientations_iPad = "UIInterfaceOrientationPortrait UIInterfaceOrientationPortraitUpsideDown UIInterfaceOrientationLandscapeLeft UIInterfaceOrientationLandscapeRight";
				INFOPLIST_KEY_UISupportedInterfaceOrientations_iPhone = "UIInterfaceOrientationPortrait UIInterfaceOrientationLandscapeLeft UIInterfaceOrientationLandscapeRight";
				IPHONEOS_DEPLOYMENT_TARGET = 14.0;
				LD_RUNPATH_SEARCH_PATHS = (
					"$(inherited)",
					"@executable_path/Frameworks",
				);
				MARKETING_VERSION = 1.0;
				PRODUCT_BUNDLE_IDENTIFIER = "devang.social-media";
				PRODUCT_NAME = "$(TARGET_NAME)";
				SWIFT_EMIT_LOC_STRINGS = YES;
				SWIFT_VERSION = 5.0;
				TARGETED_DEVICE_FAMILY = "1,2";
			};
			name = Release;
		};
		DB12A58C272ABF2A003CEBF6 /* Debug */ = {
			isa = XCBuildConfiguration;
			buildSettings = {
				ALWAYS_EMBED_SWIFT_STANDARD_LIBRARIES = YES;
				BUNDLE_LOADER = "$(TEST_HOST)";
				CODE_SIGN_STYLE = Automatic;
				CURRENT_PROJECT_VERSION = 1;
				DEVELOPMENT_TEAM = S6QK8T6Z25;
				GENERATE_INFOPLIST_FILE = YES;
				IPHONEOS_DEPLOYMENT_TARGET = 14.0;
				LD_RUNPATH_SEARCH_PATHS = (
					"$(inherited)",
					"@executable_path/Frameworks",
					"@loader_path/Frameworks",
				);
				MARKETING_VERSION = 1.0;
				PRODUCT_BUNDLE_IDENTIFIER = "devang.social-mediaTests";
				PRODUCT_NAME = "$(TARGET_NAME)";
				SWIFT_EMIT_LOC_STRINGS = NO;
				SWIFT_VERSION = 5.0;
				TARGETED_DEVICE_FAMILY = "1,2";
				TEST_HOST = "$(BUILT_PRODUCTS_DIR)/social media.app/social media";
			};
			name = Debug;
		};
		DB12A58D272ABF2A003CEBF6 /* Release */ = {
			isa = XCBuildConfiguration;
			buildSettings = {
				ALWAYS_EMBED_SWIFT_STANDARD_LIBRARIES = YES;
				BUNDLE_LOADER = "$(TEST_HOST)";
				CODE_SIGN_STYLE = Automatic;
				CURRENT_PROJECT_VERSION = 1;
				DEVELOPMENT_TEAM = S6QK8T6Z25;
				GENERATE_INFOPLIST_FILE = YES;
				IPHONEOS_DEPLOYMENT_TARGET = 14.0;
				LD_RUNPATH_SEARCH_PATHS = (
					"$(inherited)",
					"@executable_path/Frameworks",
					"@loader_path/Frameworks",
				);
				MARKETING_VERSION = 1.0;
				PRODUCT_BUNDLE_IDENTIFIER = "devang.social-mediaTests";
				PRODUCT_NAME = "$(TARGET_NAME)";
				SWIFT_EMIT_LOC_STRINGS = NO;
				SWIFT_VERSION = 5.0;
				TARGETED_DEVICE_FAMILY = "1,2";
				TEST_HOST = "$(BUILT_PRODUCTS_DIR)/social media.app/social media";
			};
			name = Release;
		};
		DB12A58F272ABF2A003CEBF6 /* Debug */ = {
			isa = XCBuildConfiguration;
			buildSettings = {
				ALWAYS_EMBED_SWIFT_STANDARD_LIBRARIES = YES;
				CODE_SIGN_STYLE = Automatic;
				CURRENT_PROJECT_VERSION = 1;
				DEVELOPMENT_TEAM = S6QK8T6Z25;
				GENERATE_INFOPLIST_FILE = YES;
				LD_RUNPATH_SEARCH_PATHS = (
					"$(inherited)",
					"@executable_path/Frameworks",
					"@loader_path/Frameworks",
				);
				MARKETING_VERSION = 1.0;
				PRODUCT_BUNDLE_IDENTIFIER = "devang.social-mediaUITests";
				PRODUCT_NAME = "$(TARGET_NAME)";
				SWIFT_EMIT_LOC_STRINGS = NO;
				SWIFT_VERSION = 5.0;
				TARGETED_DEVICE_FAMILY = "1,2";
				TEST_TARGET_NAME = "social media";
			};
			name = Debug;
		};
		DB12A590272ABF2A003CEBF6 /* Release */ = {
			isa = XCBuildConfiguration;
			buildSettings = {
				ALWAYS_EMBED_SWIFT_STANDARD_LIBRARIES = YES;
				CODE_SIGN_STYLE = Automatic;
				CURRENT_PROJECT_VERSION = 1;
				DEVELOPMENT_TEAM = S6QK8T6Z25;
				GENERATE_INFOPLIST_FILE = YES;
				LD_RUNPATH_SEARCH_PATHS = (
					"$(inherited)",
					"@executable_path/Frameworks",
					"@loader_path/Frameworks",
				);
				MARKETING_VERSION = 1.0;
				PRODUCT_BUNDLE_IDENTIFIER = "devang.social-mediaUITests";
				PRODUCT_NAME = "$(TARGET_NAME)";
				SWIFT_EMIT_LOC_STRINGS = NO;
				SWIFT_VERSION = 5.0;
				TARGETED_DEVICE_FAMILY = "1,2";
				TEST_TARGET_NAME = "social media";
			};
			name = Release;
		};
/* End XCBuildConfiguration section */

/* Begin XCConfigurationList section */
		DB12A55F272ABF2A003CEBF6 /* Build configuration list for PBXProject "social media" */ = {
			isa = XCConfigurationList;
			buildConfigurations = (
				DB12A586272ABF2A003CEBF6 /* Debug */,
				DB12A587272ABF2A003CEBF6 /* Release */,
			);
			defaultConfigurationIsVisible = 0;
			defaultConfigurationName = Release;
		};
		DB12A588272ABF2A003CEBF6 /* Build configuration list for PBXNativeTarget "social media" */ = {
			isa = XCConfigurationList;
			buildConfigurations = (
				DB12A589272ABF2A003CEBF6 /* Debug */,
				DB12A58A272ABF2A003CEBF6 /* Release */,
			);
			defaultConfigurationIsVisible = 0;
			defaultConfigurationName = Release;
		};
		DB12A58B272ABF2A003CEBF6 /* Build configuration list for PBXNativeTarget "social mediaTests" */ = {
			isa = XCConfigurationList;
			buildConfigurations = (
				DB12A58C272ABF2A003CEBF6 /* Debug */,
				DB12A58D272ABF2A003CEBF6 /* Release */,
			);
			defaultConfigurationIsVisible = 0;
			defaultConfigurationName = Release;
		};
		DB12A58E272ABF2A003CEBF6 /* Build configuration list for PBXNativeTarget "social mediaUITests" */ = {
			isa = XCConfigurationList;
			buildConfigurations = (
				DB12A58F272ABF2A003CEBF6 /* Debug */,
				DB12A590272ABF2A003CEBF6 /* Release */,
			);
			defaultConfigurationIsVisible = 0;
			defaultConfigurationName = Release;
		};
/* End XCConfigurationList section */
	};
	rootObject = DB12A55C272ABF2A003CEBF6 /* Project object */;
}
